
Microsoft Visual Studio Solution File, Format Version 12.00
# Visual Studio Version 17
VisualStudioVersion = 17.8.34408.163
MinimumVisualStudioVersion = 10.0.40219.1
Project("{FAE04EC0-301F-11D3-BF4B-00C04F79EFBC}") = "WORDS", "WORDS.csproj", "{7943CB61-90F8-4B0E-A83C-CB1A3E321C49}"
EndProject
Global
	GlobalSection(SolutionConfigurationPlatforms) = preSolution
		Debug|Any CPU = Debug|Any CPU
		Release|Any CPU = Release|Any CPU
	EndGlobalSection
	GlobalSection(ProjectConfigurationPlatforms) = postSolution
		{7943CB61-90F8-4B0E-A83C-CB1A3E321C49}.Debug|Any CPU.ActiveCfg = Debug|Any CPU
		{7943CB61-90F8-4B0E-A83C-CB1A3E321C49}.Debug|Any CPU.Build.0 = Debug|Any CPU
		{7943CB61-90F8-4B0E-A83C-CB1A3E321C49}.Release|Any CPU.ActiveCfg = Release|Any CPU
		{7943CB61-90F8-4B0E-A83C-CB1A3E321C49}.Release|Any CPU.Build.0 = Release|Any CPU
	EndGlobalSection
	GlobalSection(SolutionProperties) = preSolution
		HideSolutionNode = FALSE
	EndGlobalSection
	GlobalSection(ExtensibilityGlobals) = postSolution
		SolutionGuid = {74E8404B-54E0-4365-8415-1E55027F005D}
	EndGlobalSection
EndGlobal
